
Microsoft Visual Studio Solution File, Format Version 12.00
# Visual Studio 15
VisualStudioVersion = 15.0.28010.0
MinimumVisualStudioVersion = 10.0.40219.1
Project("{FAE04EC0-301F-11D3-BF4B-00C04F79EFBC}") = "NgxSignalRExample", "NgxSignalRExample\NgxSignalRExample.csproj", "{C2F3D00C-B629-4D3D-9182-210572875F73}"
EndProject
Global
	GlobalSection(SolutionConfigurationPlatforms) = preSolution
		Debug|Any CPU = Debug|Any CPU
		Release|Any CPU = Release|Any CPU
	EndGlobalSection
	GlobalSection(ProjectConfigurationPlatforms) = postSolution
		{C2F3D00C-B629-4D3D-9182-210572875F73}.Debug|Any CPU.ActiveCfg = Debug|Any CPU
		{C2F3D00C-B629-4D3D-9182-210572875F73}.Debug|Any CPU.Build.0 = Debug|Any CPU
		{C2F3D00C-B629-4D3D-9182-210572875F73}.Release|Any CPU.ActiveCfg = Release|Any CPU
		{C2F3D00C-B629-4D3D-9182-210572875F73}.Release|Any CPU.Build.0 = Release|Any CPU
	EndGlobalSection
	GlobalSection(SolutionProperties) = preSolution
		HideSolutionNode = FALSE
	EndGlobalSection
	GlobalSection(ExtensibilityGlobals) = postSolution
		SolutionGuid = {F9755E41-FDB3-4364-8F17-85C2FD4FC762}
	EndGlobalSection
EndGlobal
